<?xml version="1.0" encoding="UTF-8"?>
<CodeBlocks_project_file>
	<FileVersion major="1" minor="6"/>
	<Project>
		<Option title="client"/>
		<Option makefile_is_custom="1"/>
		<Option compiler="gcc"/>
		<Option virtualFolders="CMake Files\;"/>
		<Build>
			<Target title="all">
				<Option working_dir="/home/wisenoa/NikeBienTaMere/PSU_zappy_2017"/>
				<Option type="4"/>
				<MakeCommands>
					<Build command="/usr/bin/make -j4 -f &quot;/home/wisenoa/NikeBienTaMere/PSU_zappy_2017/Makefile&quot;  VERBOSE=1 all"/>
					<CompileFile command="/usr/bin/make -j4 -f &quot;/home/wisenoa/NikeBienTaMere/PSU_zappy_2017/Makefile&quot;  VERBOSE=1 &quot;$file&quot;"/>
					<Clean command="/usr/bin/make -j4 -f &quot;/home/wisenoa/NikeBienTaMere/PSU_zappy_2017/Makefile&quot;  VERBOSE=1 clean"/>
					<DistClean command="/usr/bin/make -j4 -f &quot;/home/wisenoa/NikeBienTaMere/PSU_zappy_2017/Makefile&quot;  VERBOSE=1 clean"/>
				</MakeCommands>
			</Target>
			<Target title="rebuild_cache">
				<Option working_dir="/home/wisenoa/NikeBienTaMere/PSU_zappy_2017"/>
				<Option type="4"/>
				<MakeCommands>
					<Build command="/usr/bin/make -j4 -f &quot;/home/wisenoa/NikeBienTaMere/PSU_zappy_2017/Makefile&quot;  VERBOSE=1 rebuild_cache"/>
					<CompileFile command="/usr/bin/make -j4 -f &quot;/home/wisenoa/NikeBienTaMere/PSU_zappy_2017/Makefile&quot;  VERBOSE=1 &quot;$file&quot;"/>
					<Clean command="/usr/bin/make -j4 -f &quot;/home/wisenoa/NikeBienTaMere/PSU_zappy_2017/Makefile&quot;  VERBOSE=1 clean"/>
					<DistClean command="/usr/bin/make -j4 -f &quot;/home/wisenoa/NikeBienTaMere/PSU_zappy_2017/Makefile&quot;  VERBOSE=1 clean"/>
				</MakeCommands>
			</Target>
			<Target title="edit_cache">
				<Option working_dir="/home/wisenoa/NikeBienTaMere/PSU_zappy_2017"/>
				<Option type="4"/>
				<MakeCommands>
					<Build command="/usr/bin/make -j4 -f &quot;/home/wisenoa/NikeBienTaMere/PSU_zappy_2017/Makefile&quot;  VERBOSE=1 edit_cache"/>
					<CompileFile command="/usr/bin/make -j4 -f &quot;/home/wisenoa/NikeBienTaMere/PSU_zappy_2017/Makefile&quot;  VERBOSE=1 &quot;$file&quot;"/>
					<Clean command="/usr/bin/make -j4 -f &quot;/home/wisenoa/NikeBienTaMere/PSU_zappy_2017/Makefile&quot;  VERBOSE=1 clean"/>
					<DistClean command="/usr/bin/make -j4 -f &quot;/home/wisenoa/NikeBienTaMere/PSU_zappy_2017/Makefile&quot;  VERBOSE=1 clean"/>
				</MakeCommands>
			</Target>
			<Target title="client">
				<Option output="/home/wisenoa/NikeBienTaMere/PSU_zappy_2017/client" prefix_auto="0" extension_auto="0"/>
				<Option working_dir="/home/wisenoa/NikeBienTaMere/PSU_zappy_2017"/>
				<Option object_output="./"/>
				<Option type="1"/>
				<Option compiler="gcc"/>
				<Compiler>
					<Add directory="/home/wisenoa/NikeBienTaMere/PSU_zappy_2017/Src"/>
					<Add directory="/home/wisenoa/NikeBienTaMere/PSU_zappy_2017/Include"/>
					<Add directory="/home/wisenoa/NikeBienTaMere/PSU_zappy_2017/Include/Text"/>
					<Add directory="/home/wisenoa/NikeBienTaMere/PSU_zappy_2017/Include/Entity"/>
					<Add directory="/home/wisenoa/NikeBienTaMere/PSU_zappy_2017/Include/Tools"/>
					<Add directory="/home/wisenoa/NikeBienTaMere/PSU_zappy_2017/Include/Abstract"/>
					<Add directory="/home/wisenoa/NikeBienTaMere/PSU_zappy_2017/Include/Interface"/>
					<Add directory="/home/wisenoa/NikeBienTaMere/PSU_zappy_2017/Include/Class"/>
					<Add directory="/home/wisenoa/NikeBienTaMere/PSU_zappy_2017/Include/Class/Texture"/>
					<Add directory="/home/wisenoa/NikeBienTaMere/PSU_zappy_2017/Include/Class/Gui"/>
					<Add directory="/home/wisenoa/NikeBienTaMere/PSU_zappy_2017/Include/Class/Gui/PersonalizedObject"/>
					<Add directory="/home/wisenoa/NikeBienTaMere/PSU_zappy_2017/Include/Class/Gui/Animation"/>
					<Add directory="/home/wisenoa/NikeBienTaMere/PSU_zappy_2017/Include/Class/Gui/ObjectSFML"/>
					<Add directory="/home/wisenoa/NikeBienTaMere/PSU_zappy_2017/include/server"/>
					<Add directory="/home/wisenoa/NikeBienTaMere/PSU_zappy_2017/include"/>
					<Add directory="/usr/include/c++/7"/>
					<Add directory="/usr/include/x86_64-linux-gnu/c++/7"/>
					<Add directory="/usr/include/c++/7/backward"/>
					<Add directory="/usr/lib/gcc/x86_64-linux-gnu/7/include"/>
					<Add directory="/usr/local/include"/>
					<Add directory="/usr/lib/gcc/x86_64-linux-gnu/7/include-fixed"/>
					<Add directory="/usr/include/x86_64-linux-gnu"/>
					<Add directory="/usr/include"/>
				</Compiler>
				<MakeCommands>
					<Build command="/usr/bin/make -j4 -f &quot;/home/wisenoa/NikeBienTaMere/PSU_zappy_2017/Makefile&quot;  VERBOSE=1 client"/>
					<CompileFile command="/usr/bin/make -j4 -f &quot;/home/wisenoa/NikeBienTaMere/PSU_zappy_2017/Makefile&quot;  VERBOSE=1 &quot;$file&quot;"/>
					<Clean command="/usr/bin/make -j4 -f &quot;/home/wisenoa/NikeBienTaMere/PSU_zappy_2017/Makefile&quot;  VERBOSE=1 clean"/>
					<DistClean command="/usr/bin/make -j4 -f &quot;/home/wisenoa/NikeBienTaMere/PSU_zappy_2017/Makefile&quot;  VERBOSE=1 clean"/>
				</MakeCommands>
			</Target>
			<Target title="client/fast">
				<Option output="/home/wisenoa/NikeBienTaMere/PSU_zappy_2017/client" prefix_auto="0" extension_auto="0"/>
				<Option working_dir="/home/wisenoa/NikeBienTaMere/PSU_zappy_2017"/>
				<Option object_output="./"/>
				<Option type="1"/>
				<Option compiler="gcc"/>
				<Compiler>
					<Add directory="/home/wisenoa/NikeBienTaMere/PSU_zappy_2017/Src"/>
					<Add directory="/home/wisenoa/NikeBienTaMere/PSU_zappy_2017/Include"/>
					<Add directory="/home/wisenoa/NikeBienTaMere/PSU_zappy_2017/Include/Text"/>
					<Add directory="/home/wisenoa/NikeBienTaMere/PSU_zappy_2017/Include/Entity"/>
					<Add directory="/home/wisenoa/NikeBienTaMere/PSU_zappy_2017/Include/Tools"/>
					<Add directory="/home/wisenoa/NikeBienTaMere/PSU_zappy_2017/Include/Abstract"/>
					<Add directory="/home/wisenoa/NikeBienTaMere/PSU_zappy_2017/Include/Interface"/>
					<Add directory="/home/wisenoa/NikeBienTaMere/PSU_zappy_2017/Include/Class"/>
					<Add directory="/home/wisenoa/NikeBienTaMere/PSU_zappy_2017/Include/Class/Texture"/>
					<Add directory="/home/wisenoa/NikeBienTaMere/PSU_zappy_2017/Include/Class/Gui"/>
					<Add directory="/home/wisenoa/NikeBienTaMere/PSU_zappy_2017/Include/Class/Gui/PersonalizedObject"/>
					<Add directory="/home/wisenoa/NikeBienTaMere/PSU_zappy_2017/Include/Class/Gui/Animation"/>
					<Add directory="/home/wisenoa/NikeBienTaMere/PSU_zappy_2017/Include/Class/Gui/ObjectSFML"/>
					<Add directory="/home/wisenoa/NikeBienTaMere/PSU_zappy_2017/include/server"/>
					<Add directory="/home/wisenoa/NikeBienTaMere/PSU_zappy_2017/include"/>
					<Add directory="/usr/include/c++/7"/>
					<Add directory="/usr/include/x86_64-linux-gnu/c++/7"/>
					<Add directory="/usr/include/c++/7/backward"/>
					<Add directory="/usr/lib/gcc/x86_64-linux-gnu/7/include"/>
					<Add directory="/usr/local/include"/>
					<Add directory="/usr/lib/gcc/x86_64-linux-gnu/7/include-fixed"/>
					<Add directory="/usr/include/x86_64-linux-gnu"/>
					<Add directory="/usr/include"/>
				</Compiler>
				<MakeCommands>
					<Build command="/usr/bin/make -j4 -f &quot;/home/wisenoa/NikeBienTaMere/PSU_zappy_2017/Makefile&quot;  VERBOSE=1 client/fast"/>
					<CompileFile command="/usr/bin/make -j4 -f &quot;/home/wisenoa/NikeBienTaMere/PSU_zappy_2017/Makefile&quot;  VERBOSE=1 &quot;$file&quot;"/>
					<Clean command="/usr/bin/make -j4 -f &quot;/home/wisenoa/NikeBienTaMere/PSU_zappy_2017/Makefile&quot;  VERBOSE=1 clean"/>
					<DistClean command="/usr/bin/make -j4 -f &quot;/home/wisenoa/NikeBienTaMere/PSU_zappy_2017/Makefile&quot;  VERBOSE=1 clean"/>
				</MakeCommands>
			</Target>
			<Target title="zappy_server">
				<Option output="/home/wisenoa/NikeBienTaMere/PSU_zappy_2017/zappy_server" prefix_auto="0" extension_auto="0"/>
				<Option working_dir="/home/wisenoa/NikeBienTaMere/PSU_zappy_2017"/>
				<Option object_output="./"/>
				<Option type="1"/>
				<Option compiler="gcc"/>
				<Compiler>
					<Add directory="/home/wisenoa/NikeBienTaMere/PSU_zappy_2017/Src"/>
					<Add directory="/home/wisenoa/NikeBienTaMere/PSU_zappy_2017/Include"/>
					<Add directory="/home/wisenoa/NikeBienTaMere/PSU_zappy_2017/Include/Text"/>
					<Add directory="/home/wisenoa/NikeBienTaMere/PSU_zappy_2017/Include/Entity"/>
					<Add directory="/home/wisenoa/NikeBienTaMere/PSU_zappy_2017/Include/Tools"/>
					<Add directory="/home/wisenoa/NikeBienTaMere/PSU_zappy_2017/Include/Abstract"/>
					<Add directory="/home/wisenoa/NikeBienTaMere/PSU_zappy_2017/Include/Interface"/>
					<Add directory="/home/wisenoa/NikeBienTaMere/PSU_zappy_2017/Include/Class"/>
					<Add directory="/home/wisenoa/NikeBienTaMere/PSU_zappy_2017/Include/Class/Texture"/>
					<Add directory="/home/wisenoa/NikeBienTaMere/PSU_zappy_2017/Include/Class/Gui"/>
					<Add directory="/home/wisenoa/NikeBienTaMere/PSU_zappy_2017/Include/Class/Gui/PersonalizedObject"/>
					<Add directory="/home/wisenoa/NikeBienTaMere/PSU_zappy_2017/Include/Class/Gui/Animation"/>
					<Add directory="/home/wisenoa/NikeBienTaMere/PSU_zappy_2017/Include/Class/Gui/ObjectSFML"/>
					<Add directory="/home/wisenoa/NikeBienTaMere/PSU_zappy_2017/include/server"/>
					<Add directory="/home/wisenoa/NikeBienTaMere/PSU_zappy_2017/include"/>
					<Add directory="/usr/include/c++/7"/>
					<Add directory="/usr/include/x86_64-linux-gnu/c++/7"/>
					<Add directory="/usr/include/c++/7/backward"/>
					<Add directory="/usr/lib/gcc/x86_64-linux-gnu/7/include"/>
					<Add directory="/usr/local/include"/>
					<Add directory="/usr/lib/gcc/x86_64-linux-gnu/7/include-fixed"/>
					<Add directory="/usr/include/x86_64-linux-gnu"/>
					<Add directory="/usr/include"/>
				</Compiler>
				<MakeCommands>
					<Build command="/usr/bin/make -j4 -f &quot;/home/wisenoa/NikeBienTaMere/PSU_zappy_2017/Makefile&quot;  VERBOSE=1 zappy_server"/>
					<CompileFile command="/usr/bin/make -j4 -f &quot;/home/wisenoa/NikeBienTaMere/PSU_zappy_2017/Makefile&quot;  VERBOSE=1 &quot;$file&quot;"/>
					<Clean command="/usr/bin/make -j4 -f &quot;/home/wisenoa/NikeBienTaMere/PSU_zappy_2017/Makefile&quot;  VERBOSE=1 clean"/>
					<DistClean command="/usr/bin/make -j4 -f &quot;/home/wisenoa/NikeBienTaMere/PSU_zappy_2017/Makefile&quot;  VERBOSE=1 clean"/>
				</MakeCommands>
			</Target>
			<Target title="zappy_server/fast">
				<Option output="/home/wisenoa/NikeBienTaMere/PSU_zappy_2017/zappy_server" prefix_auto="0" extension_auto="0"/>
				<Option working_dir="/home/wisenoa/NikeBienTaMere/PSU_zappy_2017"/>
				<Option object_output="./"/>
				<Option type="1"/>
				<Option compiler="gcc"/>
				<Compiler>
					<Add directory="/home/wisenoa/NikeBienTaMere/PSU_zappy_2017/Src"/>
					<Add directory="/home/wisenoa/NikeBienTaMere/PSU_zappy_2017/Include"/>
					<Add directory="/home/wisenoa/NikeBienTaMere/PSU_zappy_2017/Include/Text"/>
					<Add directory="/home/wisenoa/NikeBienTaMere/PSU_zappy_2017/Include/Entity"/>
					<Add directory="/home/wisenoa/NikeBienTaMere/PSU_zappy_2017/Include/Tools"/>
					<Add directory="/home/wisenoa/NikeBienTaMere/PSU_zappy_2017/Include/Abstract"/>
					<Add directory="/home/wisenoa/NikeBienTaMere/PSU_zappy_2017/Include/Interface"/>
					<Add directory="/home/wisenoa/NikeBienTaMere/PSU_zappy_2017/Include/Class"/>
					<Add directory="/home/wisenoa/NikeBienTaMere/PSU_zappy_2017/Include/Class/Texture"/>
					<Add directory="/home/wisenoa/NikeBienTaMere/PSU_zappy_2017/Include/Class/Gui"/>
					<Add directory="/home/wisenoa/NikeBienTaMere/PSU_zappy_2017/Include/Class/Gui/PersonalizedObject"/>
					<Add directory="/home/wisenoa/NikeBienTaMere/PSU_zappy_2017/Include/Class/Gui/Animation"/>
					<Add directory="/home/wisenoa/NikeBienTaMere/PSU_zappy_2017/Include/Class/Gui/ObjectSFML"/>
					<Add directory="/home/wisenoa/NikeBienTaMere/PSU_zappy_2017/include/server"/>
					<Add directory="/home/wisenoa/NikeBienTaMere/PSU_zappy_2017/include"/>
					<Add directory="/usr/include/c++/7"/>
					<Add directory="/usr/include/x86_64-linux-gnu/c++/7"/>
					<Add directory="/usr/include/c++/7/backward"/>
					<Add directory="/usr/lib/gcc/x86_64-linux-gnu/7/include"/>
					<Add directory="/usr/local/include"/>
					<Add directory="/usr/lib/gcc/x86_64-linux-gnu/7/include-fixed"/>
					<Add directory="/usr/include/x86_64-linux-gnu"/>
					<Add directory="/usr/include"/>
				</Compiler>
				<MakeCommands>
					<Build command="/usr/bin/make -j4 -f &quot;/home/wisenoa/NikeBienTaMere/PSU_zappy_2017/Makefile&quot;  VERBOSE=1 zappy_server/fast"/>
					<CompileFile command="/usr/bin/make -j4 -f &quot;/home/wisenoa/NikeBienTaMere/PSU_zappy_2017/Makefile&quot;  VERBOSE=1 &quot;$file&quot;"/>
					<Clean command="/usr/bin/make -j4 -f &quot;/home/wisenoa/NikeBienTaMere/PSU_zappy_2017/Makefile&quot;  VERBOSE=1 clean"/>
					<DistClean command="/usr/bin/make -j4 -f &quot;/home/wisenoa/NikeBienTaMere/PSU_zappy_2017/Makefile&quot;  VERBOSE=1 clean"/>
				</MakeCommands>
			</Target>
		</Build>
		<Unit filename="/home/wisenoa/NikeBienTaMere/PSU_zappy_2017/Include/Abstract/AbsractObjectSFML.hpp">
			<Option target="client"/>
		</Unit>
		<Unit filename="/home/wisenoa/NikeBienTaMere/PSU_zappy_2017/Include/Class/Auth.hpp">
			<Option target="client"/>
		</Unit>
		<Unit filename="/home/wisenoa/NikeBienTaMere/PSU_zappy_2017/Include/Class/Communication.hpp">
			<Option target="client"/>
		</Unit>
		<Unit filename="/home/wisenoa/NikeBienTaMere/PSU_zappy_2017/Include/Class/Gui.hpp">
			<Option target="client"/>
		</Unit>
		<Unit filename="/home/wisenoa/NikeBienTaMere/PSU_zappy_2017/Include/Class/Gui/Animation/Modal.hpp">
			<Option target="client"/>
		</Unit>
		<Unit filename="/home/wisenoa/NikeBienTaMere/PSU_zappy_2017/Include/Class/Gui/IncludeGui.hpp">
			<Option target="client"/>
		</Unit>
		<Unit filename="/home/wisenoa/NikeBienTaMere/PSU_zappy_2017/Include/Class/Gui/ObjectSFML/Circle.hpp">
			<Option target="client"/>
		</Unit>
		<Unit filename="/home/wisenoa/NikeBienTaMere/PSU_zappy_2017/Include/Class/Gui/ObjectSFML/Container.hpp">
			<Option target="client"/>
		</Unit>
		<Unit filename="/home/wisenoa/NikeBienTaMere/PSU_zappy_2017/Include/Class/Gui/ObjectSFML/Sprite.hpp">
			<Option target="client"/>
		</Unit>
		<Unit filename="/home/wisenoa/NikeBienTaMere/PSU_zappy_2017/Include/Class/Gui/ObjectSFML/Square.hpp">
			<Option target="client"/>
		</Unit>
		<Unit filename="/home/wisenoa/NikeBienTaMere/PSU_zappy_2017/Include/Class/Gui/ObjectSFML/Text.hpp">
			<Option target="client"/>
		</Unit>
		<Unit filename="/home/wisenoa/NikeBienTaMere/PSU_zappy_2017/Include/Class/Gui/ObjectSFML/TextInput.hpp">
			<Option target="client"/>
		</Unit>
		<Unit filename="/home/wisenoa/NikeBienTaMere/PSU_zappy_2017/Include/Class/Gui/PersonalizedObject/TextInputBckPlaceHolder.hpp">
			<Option target="client"/>
		</Unit>
		<Unit filename="/home/wisenoa/NikeBienTaMere/PSU_zappy_2017/Include/Class/Gui/SFML_monitor.hpp">
			<Option target="client"/>
		</Unit>
		<Unit filename="/home/wisenoa/NikeBienTaMere/PSU_zappy_2017/Include/Class/ManageDisplay.hpp">
			<Option target="client"/>
		</Unit>
		<Unit filename="/home/wisenoa/NikeBienTaMere/PSU_zappy_2017/Include/Class/ManageServer.hpp">
			<Option target="client"/>
		</Unit>
		<Unit filename="/home/wisenoa/NikeBienTaMere/PSU_zappy_2017/Include/Class/Map.hpp">
			<Option target="client"/>
		</Unit>
		<Unit filename="/home/wisenoa/NikeBienTaMere/PSU_zappy_2017/Include/Class/Texture/GuiTexture.hpp">
			<Option target="client"/>
		</Unit>
		<Unit filename="/home/wisenoa/NikeBienTaMere/PSU_zappy_2017/Include/Class/Texture/IATexture.hpp">
			<Option target="client"/>
		</Unit>
		<Unit filename="/home/wisenoa/NikeBienTaMere/PSU_zappy_2017/Include/Class/Texture/shackTexture.hpp">
			<Option target="client"/>
		</Unit>
		<Unit filename="/home/wisenoa/NikeBienTaMere/PSU_zappy_2017/Include/CstringArray.hpp">
			<Option target="client"/>
		</Unit>
		<Unit filename="/home/wisenoa/NikeBienTaMere/PSU_zappy_2017/Include/Entity/AMotionShape.hpp">
			<Option target="client"/>
		</Unit>
		<Unit filename="/home/wisenoa/NikeBienTaMere/PSU_zappy_2017/Include/Entity/ARectangleShape.hpp">
			<Option target="client"/>
		</Unit>
		<Unit filename="/home/wisenoa/NikeBienTaMere/PSU_zappy_2017/Include/Entity/Cell.hpp">
			<Option target="client"/>
		</Unit>
		<Unit filename="/home/wisenoa/NikeBienTaMere/PSU_zappy_2017/Include/Entity/Character.hpp">
			<Option target="client"/>
		</Unit>
		<Unit filename="/home/wisenoa/NikeBienTaMere/PSU_zappy_2017/Include/Entity/IEntity.hpp">
			<Option target="client"/>
		</Unit>
		<Unit filename="/home/wisenoa/NikeBienTaMere/PSU_zappy_2017/Include/Entity/Water.hpp">
			<Option target="client"/>
		</Unit>
		<Unit filename="/home/wisenoa/NikeBienTaMere/PSU_zappy_2017/Include/Grid.hpp">
			<Option target="client"/>
		</Unit>
		<Unit filename="/home/wisenoa/NikeBienTaMere/PSU_zappy_2017/Include/Interface/IObjectSFML.hpp">
			<Option target="client"/>
		</Unit>
		<Unit filename="/home/wisenoa/NikeBienTaMere/PSU_zappy_2017/Include/ParseEnqueueMap.hpp">
			<Option target="client"/>
		</Unit>
		<Unit filename="/home/wisenoa/NikeBienTaMere/PSU_zappy_2017/Include/SfmlTool.hpp">
			<Option target="client"/>
		</Unit>
		<Unit filename="/home/wisenoa/NikeBienTaMere/PSU_zappy_2017/Include/Text/AText.hpp">
			<Option target="client"/>
		</Unit>
		<Unit filename="/home/wisenoa/NikeBienTaMere/PSU_zappy_2017/Include/Text/GameText.hpp">
			<Option target="client"/>
		</Unit>
		<Unit filename="/home/wisenoa/NikeBienTaMere/PSU_zappy_2017/Include/Tools/Thread.hpp">
			<Option target="client"/>
		</Unit>
		<Unit filename="/home/wisenoa/NikeBienTaMere/PSU_zappy_2017/Include/WindowInfo.hpp">
			<Option target="client"/>
		</Unit>
		<Unit filename="/home/wisenoa/NikeBienTaMere/PSU_zappy_2017/Src/CstringArray.cpp">
			<Option target="client"/>
		</Unit>
		<Unit filename="/home/wisenoa/NikeBienTaMere/PSU_zappy_2017/Src/Entity/AMotionShape.cpp">
			<Option target="client"/>
		</Unit>
		<Unit filename="/home/wisenoa/NikeBienTaMere/PSU_zappy_2017/Src/Entity/ARectangleShape.cpp">
			<Option target="client"/>
		</Unit>
		<Unit filename="/home/wisenoa/NikeBienTaMere/PSU_zappy_2017/Src/Entity/Cell.cpp">
			<Option target="client"/>
		</Unit>
		<Unit filename="/home/wisenoa/NikeBienTaMere/PSU_zappy_2017/Src/Entity/Character.cpp">
			<Option target="client"/>
		</Unit>
		<Unit filename="/home/wisenoa/NikeBienTaMere/PSU_zappy_2017/Src/Entity/Water.cpp">
			<Option target="client"/>
		</Unit>
		<Unit filename="/home/wisenoa/NikeBienTaMere/PSU_zappy_2017/Src/Grid.cpp">
			<Option target="client"/>
		</Unit>
		<Unit filename="/home/wisenoa/NikeBienTaMere/PSU_zappy_2017/Src/Main.cpp">
			<Option target="client"/>
		</Unit>
		<Unit filename="/home/wisenoa/NikeBienTaMere/PSU_zappy_2017/Src/ParseEnqueueMap.cpp">
			<Option target="client"/>
		</Unit>
		<Unit filename="/home/wisenoa/NikeBienTaMere/PSU_zappy_2017/Src/SfmlTool.cpp">
			<Option target="client"/>
		</Unit>
		<Unit filename="/home/wisenoa/NikeBienTaMere/PSU_zappy_2017/Src/Text/AText.cpp">
			<Option target="client"/>
		</Unit>
		<Unit filename="/home/wisenoa/NikeBienTaMere/PSU_zappy_2017/Src/Text/GameText.cpp">
			<Option target="client"/>
		</Unit>
		<Unit filename="/home/wisenoa/NikeBienTaMere/PSU_zappy_2017/Src/Tools/Thread.cpp">
			<Option target="client"/>
		</Unit>
		<Unit filename="/home/wisenoa/NikeBienTaMere/PSU_zappy_2017/Src/WindowInfo.cpp">
			<Option target="client"/>
		</Unit>
		<Unit filename="/home/wisenoa/NikeBienTaMere/PSU_zappy_2017/Src/client/Auth.cpp">
			<Option target="client"/>
		</Unit>
		<Unit filename="/home/wisenoa/NikeBienTaMere/PSU_zappy_2017/Src/client/Communication.cpp">
			<Option target="client"/>
		</Unit>
		<Unit filename="/home/wisenoa/NikeBienTaMere/PSU_zappy_2017/Src/client/Gui.cpp">
			<Option target="client"/>
		</Unit>
		<Unit filename="/home/wisenoa/NikeBienTaMere/PSU_zappy_2017/Src/client/Gui/Animation/Modal.cpp">
			<Option target="client"/>
		</Unit>
		<Unit filename="/home/wisenoa/NikeBienTaMere/PSU_zappy_2017/Src/client/Gui/ObjectSFML/AbstractObjectSFML.cpp">
			<Option target="client"/>
		</Unit>
		<Unit filename="/home/wisenoa/NikeBienTaMere/PSU_zappy_2017/Src/client/Gui/ObjectSFML/Circle.cpp">
			<Option target="client"/>
		</Unit>
		<Unit filename="/home/wisenoa/NikeBienTaMere/PSU_zappy_2017/Src/client/Gui/ObjectSFML/Container.cpp">
			<Option target="client"/>
		</Unit>
		<Unit filename="/home/wisenoa/NikeBienTaMere/PSU_zappy_2017/Src/client/Gui/ObjectSFML/Sprite.cpp">
			<Option target="client"/>
		</Unit>
		<Unit filename="/home/wisenoa/NikeBienTaMere/PSU_zappy_2017/Src/client/Gui/ObjectSFML/Square.cpp">
			<Option target="client"/>
		</Unit>
		<Unit filename="/home/wisenoa/NikeBienTaMere/PSU_zappy_2017/Src/client/Gui/ObjectSFML/Text.cpp">
			<Option target="client"/>
		</Unit>
		<Unit filename="/home/wisenoa/NikeBienTaMere/PSU_zappy_2017/Src/client/Gui/ObjectSFML/TextInput.cpp">
			<Option target="client"/>
		</Unit>
		<Unit filename="/home/wisenoa/NikeBienTaMere/PSU_zappy_2017/Src/client/Gui/PersonalizedObject/TextInputBckPlaceHorder.cpp">
			<Option target="client"/>
		</Unit>
		<Unit filename="/home/wisenoa/NikeBienTaMere/PSU_zappy_2017/Src/client/Gui/SFML_monitor.cpp">
			<Option target="client"/>
		</Unit>
		<Unit filename="/home/wisenoa/NikeBienTaMere/PSU_zappy_2017/Src/client/ManageDisplay.cpp">
			<Option target="client"/>
		</Unit>
		<Unit filename="/home/wisenoa/NikeBienTaMere/PSU_zappy_2017/Src/client/ManageServer.cpp">
			<Option target="client"/>
		</Unit>
		<Unit filename="/home/wisenoa/NikeBienTaMere/PSU_zappy_2017/Src/client/Map.cpp">
			<Option target="client"/>
		</Unit>
		<Unit filename="/home/wisenoa/NikeBienTaMere/PSU_zappy_2017/Src/client/Texture/GuiTexture.cpp">
			<Option target="client"/>
		</Unit>
		<Unit filename="/home/wisenoa/NikeBienTaMere/PSU_zappy_2017/Src/client/Texture/IATexture.cpp">
			<Option target="client"/>
		</Unit>
		<Unit filename="/home/wisenoa/NikeBienTaMere/PSU_zappy_2017/Src/client/Texture/shackTexture.cpp">
			<Option target="client"/>
		</Unit>
		<Unit filename="/home/wisenoa/NikeBienTaMere/PSU_zappy_2017/include">
			<Option target="zappy_server"/>
		</Unit>
		<Unit filename="/home/wisenoa/NikeBienTaMere/PSU_zappy_2017/src/server/ai_protocol/broadcast.c">
			<Option target="zappy_server"/>
		</Unit>
		<Unit filename="/home/wisenoa/NikeBienTaMere/PSU_zappy_2017/src/server/ai_protocol/connect_nbr.c">
			<Option target="zappy_server"/>
		</Unit>
		<Unit filename="/home/wisenoa/NikeBienTaMere/PSU_zappy_2017/src/server/ai_protocol/die.c">
			<Option target="zappy_server"/>
		</Unit>
		<Unit filename="/home/wisenoa/NikeBienTaMere/PSU_zappy_2017/src/server/ai_protocol/eject.c">
			<Option target="zappy_server"/>
		</Unit>
		<Unit filename="/home/wisenoa/NikeBienTaMere/PSU_zappy_2017/src/server/ai_protocol/fork.c">
			<Option target="zappy_server"/>
		</Unit>
		<Unit filename="/home/wisenoa/NikeBienTaMere/PSU_zappy_2017/src/server/ai_protocol/incantation.c">
			<Option target="zappy_server"/>
		</Unit>
		<Unit filename="/home/wisenoa/NikeBienTaMere/PSU_zappy_2017/src/server/ai_protocol/inventory.c">
			<Option target="zappy_server"/>
		</Unit>
		<Unit filename="/home/wisenoa/NikeBienTaMere/PSU_zappy_2017/src/server/ai_protocol/look.c">
			<Option target="zappy_server"/>
		</Unit>
		<Unit filename="/home/wisenoa/NikeBienTaMere/PSU_zappy_2017/src/server/ai_protocol/movement.c">
			<Option target="zappy_server"/>
		</Unit>
		<Unit filename="/home/wisenoa/NikeBienTaMere/PSU_zappy_2017/src/server/ai_protocol/set.c">
			<Option target="zappy_server"/>
		</Unit>
		<Unit filename="/home/wisenoa/NikeBienTaMere/PSU_zappy_2017/src/server/ai_protocol/take.c">
			<Option target="zappy_server"/>
		</Unit>
		<Unit filename="/home/wisenoa/NikeBienTaMere/PSU_zappy_2017/src/server/client_manager/egg.c">
			<Option target="zappy_server"/>
		</Unit>
		<Unit filename="/home/wisenoa/NikeBienTaMere/PSU_zappy_2017/src/server/client_manager/end.c">
			<Option target="zappy_server"/>
		</Unit>
		<Unit filename="/home/wisenoa/NikeBienTaMere/PSU_zappy_2017/src/server/client_manager/join.c">
			<Option target="zappy_server"/>
		</Unit>
		<Unit filename="/home/wisenoa/NikeBienTaMere/PSU_zappy_2017/src/server/client_manager/leave.c">
			<Option target="zappy_server"/>
		</Unit>
		<Unit filename="/home/wisenoa/NikeBienTaMere/PSU_zappy_2017/src/server/client_manager/manager.c">
			<Option target="zappy_server"/>
		</Unit>
		<Unit filename="/home/wisenoa/NikeBienTaMere/PSU_zappy_2017/src/server/client_manager/msg_queue.c">
			<Option target="zappy_server"/>
		</Unit>
		<Unit filename="/home/wisenoa/NikeBienTaMere/PSU_zappy_2017/src/server/client_manager/orientation.c">
			<Option target="zappy_server"/>
		</Unit>
		<Unit filename="/home/wisenoa/NikeBienTaMere/PSU_zappy_2017/src/server/client_manager/teams.c">
			<Option target="zappy_server"/>
		</Unit>
		<Unit filename="/home/wisenoa/NikeBienTaMere/PSU_zappy_2017/src/server/debug.c">
			<Option target="zappy_server"/>
		</Unit>
		<Unit filename="/home/wisenoa/NikeBienTaMere/PSU_zappy_2017/src/server/grahic_protocol/action.c">
			<Option target="zappy_server"/>
		</Unit>
		<Unit filename="/home/wisenoa/NikeBienTaMere/PSU_zappy_2017/src/server/grahic_protocol/egg.c">
			<Option target="zappy_server"/>
		</Unit>
		<Unit filename="/home/wisenoa/NikeBienTaMere/PSU_zappy_2017/src/server/grahic_protocol/io.c">
			<Option target="zappy_server"/>
		</Unit>
		<Unit filename="/home/wisenoa/NikeBienTaMere/PSU_zappy_2017/src/server/grahic_protocol/map.c">
			<Option target="zappy_server"/>
		</Unit>
		<Unit filename="/home/wisenoa/NikeBienTaMere/PSU_zappy_2017/src/server/grahic_protocol/movement.c">
			<Option target="zappy_server"/>
		</Unit>
		<Unit filename="/home/wisenoa/NikeBienTaMere/PSU_zappy_2017/src/server/grahic_protocol/player.c">
			<Option target="zappy_server"/>
		</Unit>
		<Unit filename="/home/wisenoa/NikeBienTaMere/PSU_zappy_2017/src/server/grahic_protocol/quantification.c">
			<Option target="zappy_server"/>
		</Unit>
		<Unit filename="/home/wisenoa/NikeBienTaMere/PSU_zappy_2017/src/server/grahic_protocol/server.c">
			<Option target="zappy_server"/>
		</Unit>
		<Unit filename="/home/wisenoa/NikeBienTaMere/PSU_zappy_2017/src/server/grahic_protocol/status.c">
			<Option target="zappy_server"/>
		</Unit>
		<Unit filename="/home/wisenoa/NikeBienTaMere/PSU_zappy_2017/src/server/gui_manager/command.c">
			<Option target="zappy_server"/>
		</Unit>
		<Unit filename="/home/wisenoa/NikeBienTaMere/PSU_zappy_2017/src/server/gui_manager/manager.c">
			<Option target="zappy_server"/>
		</Unit>
		<Unit filename="/home/wisenoa/NikeBienTaMere/PSU_zappy_2017/src/server/loop.c">
			<Option target="zappy_server"/>
		</Unit>
		<Unit filename="/home/wisenoa/NikeBienTaMere/PSU_zappy_2017/src/server/main.c">
			<Option target="zappy_server"/>
		</Unit>
		<Unit filename="/home/wisenoa/NikeBienTaMere/PSU_zappy_2017/src/server/map.c">
			<Option target="zappy_server"/>
		</Unit>
		<Unit filename="/home/wisenoa/NikeBienTaMere/PSU_zappy_2017/src/server/parsing/game.c">
			<Option target="zappy_server"/>
		</Unit>
		<Unit filename="/home/wisenoa/NikeBienTaMere/PSU_zappy_2017/src/server/parsing/gnl.c">
			<Option target="zappy_server"/>
		</Unit>
		<Unit filename="/home/wisenoa/NikeBienTaMere/PSU_zappy_2017/src/server/parsing/parser.c">
			<Option target="zappy_server"/>
		</Unit>
		<Unit filename="/home/wisenoa/NikeBienTaMere/PSU_zappy_2017/src/server/parsing/port.c">
			<Option target="zappy_server"/>
		</Unit>
		<Unit filename="/home/wisenoa/NikeBienTaMere/PSU_zappy_2017/src/server/scheduler/add.c">
			<Option target="zappy_server"/>
		</Unit>
		<Unit filename="/home/wisenoa/NikeBienTaMere/PSU_zappy_2017/src/server/scheduler/resource.c">
			<Option target="zappy_server"/>
		</Unit>
		<Unit filename="/home/wisenoa/NikeBienTaMere/PSU_zappy_2017/src/server/scheduler/scheduler.c">
			<Option target="zappy_server"/>
		</Unit>
		<Unit filename="/home/wisenoa/NikeBienTaMere/PSU_zappy_2017/src/server/server.c">
			<Option target="zappy_server"/>
		</Unit>
		<Unit filename="/home/wisenoa/NikeBienTaMere/PSU_zappy_2017/src/server/socket/socket.c">
			<Option target="zappy_server"/>
		</Unit>
		<Unit filename="/home/wisenoa/NikeBienTaMere/PSU_zappy_2017/CMakeLists.txt">
			<Option virtualFolder="CMake Files\"/>
		</Unit>
	</Project>
</CodeBlocks_project_file>
